// !$*UTF8*$!
{
	archiveVersion = 1;
	classes = {
	};
	objectVersion = 56;
	objects = {

/* Begin PBXBuildFile section */
		86D887392A977E630010E2F3 /* AppDelegate.swift in Sources */ = {isa = PBXBuildFile; fileRef = 86D887382A977E630010E2F3 /* AppDelegate.swift */; };
		86D8873B2A977E630010E2F3 /* SceneDelegate.swift in Sources */ = {isa = PBXBuildFile; fileRef = 86D8873A2A977E630010E2F3 /* SceneDelegate.swift */; };
		86D887422A977E650010E2F3 /* Assets.xcassets in Resources */ = {isa = PBXBuildFile; fileRef = 86D887412A977E650010E2F3 /* Assets.xcassets */; };
		86D887452A977E650010E2F3 /* LaunchScreen.storyboard in Resources */ = {isa = PBXBuildFile; fileRef = 86D887432A977E650010E2F3 /* LaunchScreen.storyboard */; };
		86D887562A978FB10010E2F3 /* Logger.swift in Sources */ = {isa = PBXBuildFile; fileRef = 86D887552A978FB10010E2F3 /* Logger.swift */; };
		86D887592A9790AE0010E2F3 /* Endpoint.swift in Sources */ = {isa = PBXBuildFile; fileRef = 86D887582A9790AE0010E2F3 /* Endpoint.swift */; };
		86D8875B2A9790CC0010E2F3 /* DataProvider.swift in Sources */ = {isa = PBXBuildFile; fileRef = 86D8875A2A9790CC0010E2F3 /* DataProvider.swift */; };
		86D8875F2A9792D50010E2F3 /* NasaDataProvider.swift in Sources */ = {isa = PBXBuildFile; fileRef = 86D8875E2A9792D50010E2F3 /* NasaDataProvider.swift */; };
		86D887612A9794300010E2F3 /* Photo.swift in Sources */ = {isa = PBXBuildFile; fileRef = 86D887602A9794300010E2F3 /* Photo.swift */; };
		86D887632A97A5A30010E2F3 /* Rover.swift in Sources */ = {isa = PBXBuildFile; fileRef = 86D887622A97A5A30010E2F3 /* Rover.swift */; };
		86D887672A97B07D0010E2F3 /* HomeViewController.swift in Sources */ = {isa = PBXBuildFile; fileRef = 86D887662A97B07D0010E2F3 /* HomeViewController.swift */; };
		86D887692A97D1C20010E2F3 /* MarsPhotosCollectionViewCell.swift in Sources */ = {isa = PBXBuildFile; fileRef = 86D887682A97D1C20010E2F3 /* MarsPhotosCollectionViewCell.swift */; };
		86D8876D2A97D6090010E2F3 /* HomeViewControllerView.swift in Sources */ = {isa = PBXBuildFile; fileRef = 86D8876C2A97D6090010E2F3 /* HomeViewControllerView.swift */; };
		86D887712A98A5690010E2F3 /* SettingsViewControllerView.swift in Sources */ = {isa = PBXBuildFile; fileRef = 86D887702A98A5690010E2F3 /* SettingsViewControllerView.swift */; };
		86D887732A98A7190010E2F3 /* SettingsViewController.swift in Sources */ = {isa = PBXBuildFile; fileRef = 86D887722A98A7190010E2F3 /* SettingsViewController.swift */; };
		86D887752A98A9840010E2F3 /* SettingsOptionCollectionViewCell.swift in Sources */ = {isa = PBXBuildFile; fileRef = 86D887742A98A9840010E2F3 /* SettingsOptionCollectionViewCell.swift */; };
		86D887772A98BB9C0010E2F3 /* AlignedCollectionViewFlowLayout.swift in Sources */ = {isa = PBXBuildFile; fileRef = 86D887762A98BB9C0010E2F3 /* AlignedCollectionViewFlowLayout.swift */; };
		86D8877B2A98CE620010E2F3 /* CollectionViewSectionHeader.swift in Sources */ = {isa = PBXBuildFile; fileRef = 86D8877A2A98CE620010E2F3 /* CollectionViewSectionHeader.swift */; };
		86D887862A9929510010E2F3 /* UIColor+constants.swift in Sources */ = {isa = PBXBuildFile; fileRef = 86D887852A9929510010E2F3 /* UIColor+constants.swift */; };
/* End PBXBuildFile section */

/* Begin PBXFileReference section */
		86D887352A977E630010E2F3 /* NASA.app */ = {isa = PBXFileReference; explicitFileType = wrapper.application; includeInIndex = 0; path = NASA.app; sourceTree = BUILT_PRODUCTS_DIR; };
		86D887382A977E630010E2F3 /* AppDelegate.swift */ = {isa = PBXFileReference; lastKnownFileType = sourcecode.swift; path = AppDelegate.swift; sourceTree = "<group>"; };
		86D8873A2A977E630010E2F3 /* SceneDelegate.swift */ = {isa = PBXFileReference; lastKnownFileType = sourcecode.swift; path = SceneDelegate.swift; sourceTree = "<group>"; };
		86D887412A977E650010E2F3 /* Assets.xcassets */ = {isa = PBXFileReference; lastKnownFileType = folder.assetcatalog; path = Assets.xcassets; sourceTree = "<group>"; };
		86D887442A977E650010E2F3 /* Base */ = {isa = PBXFileReference; lastKnownFileType = file.storyboard; name = Base; path = Base.lproj/LaunchScreen.storyboard; sourceTree = "<group>"; };
		86D887462A977E650010E2F3 /* Info.plist */ = {isa = PBXFileReference; lastKnownFileType = text.plist.xml; path = Info.plist; sourceTree = "<group>"; };
		86D887552A978FB10010E2F3 /* Logger.swift */ = {isa = PBXFileReference; lastKnownFileType = sourcecode.swift; path = Logger.swift; sourceTree = "<group>"; };
		86D887582A9790AE0010E2F3 /* Endpoint.swift */ = {isa = PBXFileReference; lastKnownFileType = sourcecode.swift; path = Endpoint.swift; sourceTree = "<group>"; };
		86D8875A2A9790CC0010E2F3 /* DataProvider.swift */ = {isa = PBXFileReference; lastKnownFileType = sourcecode.swift; path = DataProvider.swift; sourceTree = "<group>"; };
		86D8875E2A9792D50010E2F3 /* NasaDataProvider.swift */ = {isa = PBXFileReference; lastKnownFileType = sourcecode.swift; path = NasaDataProvider.swift; sourceTree = "<group>"; };
		86D887602A9794300010E2F3 /* Photo.swift */ = {isa = PBXFileReference; lastKnownFileType = sourcecode.swift; path = Photo.swift; sourceTree = "<group>"; };
		86D887622A97A5A30010E2F3 /* Rover.swift */ = {isa = PBXFileReference; lastKnownFileType = sourcecode.swift; path = Rover.swift; sourceTree = "<group>"; };
		86D887662A97B07D0010E2F3 /* HomeViewController.swift */ = {isa = PBXFileReference; lastKnownFileType = sourcecode.swift; path = HomeViewController.swift; sourceTree = "<group>"; };
		86D887682A97D1C20010E2F3 /* MarsPhotosCollectionViewCell.swift */ = {isa = PBXFileReference; lastKnownFileType = sourcecode.swift; path = MarsPhotosCollectionViewCell.swift; sourceTree = "<group>"; };
		86D8876C2A97D6090010E2F3 /* HomeViewControllerView.swift */ = {isa = PBXFileReference; lastKnownFileType = sourcecode.swift; path = HomeViewControllerView.swift; sourceTree = "<group>"; };
		86D887702A98A5690010E2F3 /* SettingsViewControllerView.swift */ = {isa = PBXFileReference; lastKnownFileType = sourcecode.swift; path = SettingsViewControllerView.swift; sourceTree = "<group>"; };
		86D887722A98A7190010E2F3 /* SettingsViewController.swift */ = {isa = PBXFileReference; lastKnownFileType = sourcecode.swift; path = SettingsViewController.swift; sourceTree = "<group>"; };
		86D887742A98A9840010E2F3 /* SettingsOptionCollectionViewCell.swift */ = {isa = PBXFileReference; lastKnownFileType = sourcecode.swift; path = SettingsOptionCollectionViewCell.swift; sourceTree = "<group>"; };
		86D887762A98BB9C0010E2F3 /* AlignedCollectionViewFlowLayout.swift */ = {isa = PBXFileReference; lastKnownFileType = sourcecode.swift; path = AlignedCollectionViewFlowLayout.swift; sourceTree = "<group>"; };
		86D8877A2A98CE620010E2F3 /* CollectionViewSectionHeader.swift */ = {isa = PBXFileReference; lastKnownFileType = sourcecode.swift; path = CollectionViewSectionHeader.swift; sourceTree = "<group>"; };
		86D887852A9929510010E2F3 /* UIColor+constants.swift */ = {isa = PBXFileReference; lastKnownFileType = sourcecode.swift; path = "UIColor+constants.swift"; sourceTree = "<group>"; };
/* End PBXFileReference section */

/* Begin PBXFrameworksBuildPhase section */
		86D887322A977E630010E2F3 /* Frameworks */ = {
			isa = PBXFrameworksBuildPhase;
			buildActionMask = 2147483647;
			files = (
			);
			runOnlyForDeploymentPostprocessing = 0;
		};
/* End PBXFrameworksBuildPhase section */

/* Begin PBXGroup section */
		86D8872C2A977E630010E2F3 = {
			isa = PBXGroup;
			children = (
				86D887372A977E630010E2F3 /* NASA */,
				86D887362A977E630010E2F3 /* Products */,
			);
			sourceTree = "<group>";
		};
		86D887362A977E630010E2F3 /* Products */ = {
			isa = PBXGroup;
			children = (
				86D887352A977E630010E2F3 /* NASA.app */,
			);
			name = Products;
			sourceTree = "<group>";
		};
		86D887372A977E630010E2F3 /* NASA */ = {
			isa = PBXGroup;
			children = (
				86D8875C2A97925E0010E2F3 /* API */,
				86D887842A9924E30010E2F3 /* Application */,
				86D8877C2A9923DB0010E2F3 /* Screens */,
				86D887572A978FB40010E2F3 /* Utilities */,
				86D887412A977E650010E2F3 /* Assets.xcassets */,
				86D887432A977E650010E2F3 /* LaunchScreen.storyboard */,
				86D887462A977E650010E2F3 /* Info.plist */,
			);
			path = NASA;
			sourceTree = "<group>";
		};
		86D887572A978FB40010E2F3 /* Utilities */ = {
			isa = PBXGroup;
			children = (
				86D887872A992A640010E2F3 /* Extensions */,
				86D887552A978FB10010E2F3 /* Logger.swift */,
			);
			path = Utilities;
			sourceTree = "<group>";
		};
		86D8875C2A97925E0010E2F3 /* API */ = {
			isa = PBXGroup;
			children = (
				86D887582A9790AE0010E2F3 /* Endpoint.swift */,
				86D887622A97A5A30010E2F3 /* Rover.swift */,
				86D8875D2A9792C30010E2F3 /* DataProvider */,
			);
			path = API;
			sourceTree = "<group>";
		};
		86D8875D2A9792C30010E2F3 /* DataProvider */ = {
			isa = PBXGroup;
			children = (
				86D8875A2A9790CC0010E2F3 /* DataProvider.swift */,
				86D8875E2A9792D50010E2F3 /* NasaDataProvider.swift */,
				86D887602A9794300010E2F3 /* Photo.swift */,
			);
			path = DataProvider;
			sourceTree = "<group>";
		};
		86D8877C2A9923DB0010E2F3 /* Screens */ = {
			isa = PBXGroup;
			children = (
				86D8877D2A9923E90010E2F3 /* ViewControllers */,
			);
			path = Screens;
			sourceTree = "<group>";
		};
		86D8877D2A9923E90010E2F3 /* ViewControllers */ = {
			isa = PBXGroup;
			children = (
				86D8877E2A99241A0010E2F3 /* SettingsViewControler */,
				86D887802A9924480010E2F3 /* HomeViewController */,
			);
			path = ViewControllers;
			sourceTree = "<group>";
		};
		86D8877E2A99241A0010E2F3 /* SettingsViewControler */ = {
			isa = PBXGroup;
			children = (
				86D887722A98A7190010E2F3 /* SettingsViewController.swift */,
				86D8877F2A9924320010E2F3 /* ViewElements */,
			);
			path = SettingsViewControler;
			sourceTree = "<group>";
		};
		86D8877F2A9924320010E2F3 /* ViewElements */ = {
			isa = PBXGroup;
			children = (
				86D887702A98A5690010E2F3 /* SettingsViewControllerView.swift */,
				86D887762A98BB9C0010E2F3 /* AlignedCollectionViewFlowLayout.swift */,
				86D8877A2A98CE620010E2F3 /* CollectionViewSectionHeader.swift */,
				86D887742A98A9840010E2F3 /* SettingsOptionCollectionViewCell.swift */,
			);
			path = ViewElements;
			sourceTree = "<group>";
		};
		86D887802A9924480010E2F3 /* HomeViewController */ = {
			isa = PBXGroup;
			children = (
				86D887662A97B07D0010E2F3 /* HomeViewController.swift */,
				86D887812A9924610010E2F3 /* ViewElements */,
			);
			path = HomeViewController;
			sourceTree = "<group>";
		};
		86D887812A9924610010E2F3 /* ViewElements */ = {
			isa = PBXGroup;
			children = (
				86D8876C2A97D6090010E2F3 /* HomeViewControllerView.swift */,
				86D887682A97D1C20010E2F3 /* MarsPhotosCollectionViewCell.swift */,
			);
			path = ViewElements;
			sourceTree = "<group>";
		};
		86D887842A9924E30010E2F3 /* Application */ = {
			isa = PBXGroup;
			children = (
				86D887382A977E630010E2F3 /* AppDelegate.swift */,
				86D8873A2A977E630010E2F3 /* SceneDelegate.swift */,
			);
			path = Application;
			sourceTree = "<group>";
		};
		86D887872A992A640010E2F3 /* Extensions */ = {
			isa = PBXGroup;
			children = (
				86D887882A992A6E0010E2F3 /* UIColor */,
			);
			path = Extensions;
			sourceTree = "<group>";
		};
		86D887882A992A6E0010E2F3 /* UIColor */ = {
			isa = PBXGroup;
			children = (
				86D887852A9929510010E2F3 /* UIColor+constants.swift */,
			);
			path = UIColor;
			sourceTree = "<group>";
		};
/* End PBXGroup section */

/* Begin PBXNativeTarget section */
		86D887342A977E630010E2F3 /* NASA */ = {
			isa = PBXNativeTarget;
			buildConfigurationList = 86D887492A977E650010E2F3 /* Build configuration list for PBXNativeTarget "NASA" */;
			buildPhases = (
				86D887312A977E630010E2F3 /* Sources */,
				86D887322A977E630010E2F3 /* Frameworks */,
				86D887332A977E630010E2F3 /* Resources */,
			);
			buildRules = (
			);
			dependencies = (
			);
			name = NASA;
			productName = NASA;
			productReference = 86D887352A977E630010E2F3 /* NASA.app */;
			productType = "com.apple.product-type.application";
		};
/* End PBXNativeTarget section */

/* Begin PBXProject section */
		86D8872D2A977E630010E2F3 /* Project object */ = {
			isa = PBXProject;
			attributes = {
				BuildIndependentTargetsInParallel = 1;
				LastSwiftUpdateCheck = 1420;
				LastUpgradeCheck = 1420;
				TargetAttributes = {
					86D887342A977E630010E2F3 = {
						CreatedOnToolsVersion = 14.2;
					};
				};
			};
			buildConfigurationList = 86D887302A977E630010E2F3 /* Build configuration list for PBXProject "NASA" */;
			compatibilityVersion = "Xcode 14.0";
			developmentRegion = en;
			hasScannedForEncodings = 0;
			knownRegions = (
				en,
				Base,
			);
			mainGroup = 86D8872C2A977E630010E2F3;
			productRefGroup = 86D887362A977E630010E2F3 /* Products */;
			projectDirPath = "";
			projectRoot = "";
			targets = (
				86D887342A977E630010E2F3 /* NASA */,
			);
		};
/* End PBXProject section */

/* Begin PBXResourcesBuildPhase section */
		86D887332A977E630010E2F3 /* Resources */ = {
			isa = PBXResourcesBuildPhase;
			buildActionMask = 2147483647;
			files = (
				86D887452A977E650010E2F3 /* LaunchScreen.storyboard in Resources */,
				86D887422A977E650010E2F3 /* Assets.xcassets in Resources */,
			);
			runOnlyForDeploymentPostprocessing = 0;
		};
/* End PBXResourcesBuildPhase section */

/* Begin PBXSourcesBuildPhase section */
		86D887312A977E630010E2F3 /* Sources */ = {
			isa = PBXSourcesBuildPhase;
			buildActionMask = 2147483647;
			files = (
				86D887672A97B07D0010E2F3 /* HomeViewController.swift in Sources */,
				86D887612A9794300010E2F3 /* Photo.swift in Sources */,
				86D887752A98A9840010E2F3 /* SettingsOptionCollectionViewCell.swift in Sources */,
				86D8875B2A9790CC0010E2F3 /* DataProvider.swift in Sources */,
				86D8876D2A97D6090010E2F3 /* HomeViewControllerView.swift in Sources */,
				86D887862A9929510010E2F3 /* UIColor+constants.swift in Sources */,
				86D887712A98A5690010E2F3 /* SettingsViewControllerView.swift in Sources */,
				86D8877B2A98CE620010E2F3 /* CollectionViewSectionHeader.swift in Sources */,
				86D8875F2A9792D50010E2F3 /* NasaDataProvider.swift in Sources */,
				86D887732A98A7190010E2F3 /* SettingsViewController.swift in Sources */,
				86D887772A98BB9C0010E2F3 /* AlignedCollectionViewFlowLayout.swift in Sources */,
				86D887392A977E630010E2F3 /* AppDelegate.swift in Sources */,
				86D887632A97A5A30010E2F3 /* Rover.swift in Sources */,
				86D8873B2A977E630010E2F3 /* SceneDelegate.swift in Sources */,
				86D887562A978FB10010E2F3 /* Logger.swift in Sources */,
				86D887592A9790AE0010E2F3 /* Endpoint.swift in Sources */,
				86D887692A97D1C20010E2F3 /* MarsPhotosCollectionViewCell.swift in Sources */,
			);
			runOnlyForDeploymentPostprocessing = 0;
		};
/* End PBXSourcesBuildPhase section */

/* Begin PBXVariantGroup section */
		86D887432A977E650010E2F3 /* LaunchScreen.storyboard */ = {
			isa = PBXVariantGroup;
			children = (
				86D887442A977E650010E2F3 /* Base */,
			);
			name = LaunchScreen.storyboard;
			sourceTree = "<group>";
		};
/* End PBXVariantGroup section */

/* Begin XCBuildConfiguration section */
		86D887472A977E650010E2F3 /* Debug */ = {
			isa = XCBuildConfiguration;
			buildSettings = {
				ALWAYS_SEARCH_USER_PATHS = NO;
				CLANG_ANALYZER_NONNULL = YES;
				CLANG_ANALYZER_NUMBER_OBJECT_CONVERSION = YES_AGGRESSIVE;
				CLANG_CXX_LANGUAGE_STANDARD = "gnu++20";
				CLANG_ENABLE_MODULES = YES;
				CLANG_ENABLE_OBJC_ARC = YES;
				CLANG_ENABLE_OBJC_WEAK = YES;
				CLANG_WARN_BLOCK_CAPTURE_AUTORELEASING = YES;
				CLANG_WARN_BOOL_CONVERSION = YES;
				CLANG_WARN_COMMA = YES;
				CLANG_WARN_CONSTANT_CONVERSION = YES;
				CLANG_WARN_DEPRECATED_OBJC_IMPLEMENTATIONS = YES;
				CLANG_WARN_DIRECT_OBJC_ISA_USAGE = YES_ERROR;
				CLANG_WARN_DOCUMENTATION_COMMENTS = YES;
				CLANG_WARN_EMPTY_BODY = YES;
				CLANG_WARN_ENUM_CONVERSION = YES;
				CLANG_WARN_INFINITE_RECURSION = YES;
				CLANG_WARN_INT_CONVERSION = YES;
				CLANG_WARN_NON_LITERAL_NULL_CONVERSION = YES;
				CLANG_WARN_OBJC_IMPLICIT_RETAIN_SELF = YES;
				CLANG_WARN_OBJC_LITERAL_CONVERSION = YES;
				CLANG_WARN_OBJC_ROOT_CLASS = YES_ERROR;
				CLANG_WARN_QUOTED_INCLUDE_IN_FRAMEWORK_HEADER = YES;
				CLANG_WARN_RANGE_LOOP_ANALYSIS = YES;
				CLANG_WARN_STRICT_PROTOTYPES = YES;
				CLANG_WARN_SUSPICIOUS_MOVE = YES;
				CLANG_WARN_UNGUARDED_AVAILABILITY = YES_AGGRESSIVE;
				CLANG_WARN_UNREACHABLE_CODE = YES;
				CLANG_WARN__DUPLICATE_METHOD_MATCH = YES;
				COPY_PHASE_STRIP = NO;
				DEBUG_INFORMATION_FORMAT = dwarf;
				ENABLE_STRICT_OBJC_MSGSEND = YES;
				ENABLE_TESTABILITY = YES;
				GCC_C_LANGUAGE_STANDARD = gnu11;
				GCC_DYNAMIC_NO_PIC = NO;
				GCC_NO_COMMON_BLOCKS = YES;
				GCC_OPTIMIZATION_LEVEL = 0;
				GCC_PREPROCESSOR_DEFINITIONS = (
					"DEBUG=1",
					"$(inherited)",
				);
				GCC_WARN_64_TO_32_BIT_CONVERSION = YES;
				GCC_WARN_ABOUT_RETURN_TYPE = YES_ERROR;
				GCC_WARN_UNDECLARED_SELECTOR = YES;
				GCC_WARN_UNINITIALIZED_AUTOS = YES_AGGRESSIVE;
				GCC_WARN_UNUSED_FUNCTION = YES;
				GCC_WARN_UNUSED_VARIABLE = YES;
				IPHONEOS_DEPLOYMENT_TARGET = 13.0;
				MTL_ENABLE_DEBUG_INFO = INCLUDE_SOURCE;
				MTL_FAST_MATH = YES;
				ONLY_ACTIVE_ARCH = YES;
				SDKROOT = iphoneos;
				SWIFT_ACTIVE_COMPILATION_CONDITIONS = DEBUG;
				SWIFT_OPTIMIZATION_LEVEL = "-Onone";
			};
			name = Debug;
		};
		86D887482A977E650010E2F3 /* Release */ = {
			isa = XCBuildConfiguration;
			buildSettings = {
				ALWAYS_SEARCH_USER_PATHS = NO;
				CLANG_ANALYZER_NONNULL = YES;
				CLANG_ANALYZER_NUMBER_OBJECT_CONVERSION = YES_AGGRESSIVE;
				CLANG_CXX_LANGUAGE_STANDARD = "gnu++20";
				CLANG_ENABLE_MODULES = YES;
				CLANG_ENABLE_OBJC_ARC = YES;
				CLANG_ENABLE_OBJC_WEAK = YES;
				CLANG_WARN_BLOCK_CAPTURE_AUTORELEASING = YES;
				CLANG_WARN_BOOL_CONVERSION = YES;
				CLANG_WARN_COMMA = YES;
				CLANG_WARN_CONSTANT_CONVERSION = YES;
				CLANG_WARN_DEPRECATED_OBJC_IMPLEMENTATIONS = YES;
				CLANG_WARN_DIRECT_OBJC_ISA_USAGE = YES_ERROR;
				CLANG_WARN_DOCUMENTATION_COMMENTS = YES;
				CLANG_WARN_EMPTY_BODY = YES;
				CLANG_WARN_ENUM_CONVERSION = YES;
				CLANG_WARN_INFINITE_RECURSION = YES;
				CLANG_WARN_INT_CONVERSION = YES;
				CLANG_WARN_NON_LITERAL_NULL_CONVERSION = YES;
				CLANG_WARN_OBJC_IMPLICIT_RETAIN_SELF = YES;
				CLANG_WARN_OBJC_LITERAL_CONVERSION = YES;
				CLANG_WARN_OBJC_ROOT_CLASS = YES_ERROR;
				CLANG_WARN_QUOTED_INCLUDE_IN_FRAMEWORK_HEADER = YES;
				CLANG_WARN_RANGE_LOOP_ANALYSIS = YES;
				CLANG_WARN_STRICT_PROTOTYPES = YES;
				CLANG_WARN_SUSPICIOUS_MOVE = YES;
				CLANG_WARN_UNGUARDED_AVAILABILITY = YES_AGGRESSIVE;
				CLANG_WARN_UNREACHABLE_CODE = YES;
				CLANG_WARN__DUPLICATE_METHOD_MATCH = YES;
				COPY_PHASE_STRIP = NO;
				DEBUG_INFORMATION_FORMAT = "dwarf-with-dsym";
				ENABLE_NS_ASSERTIONS = NO;
				ENABLE_STRICT_OBJC_MSGSEND = YES;
				GCC_C_LANGUAGE_STANDARD = gnu11;
				GCC_NO_COMMON_BLOCKS = YES;
				GCC_WARN_64_TO_32_BIT_CONVERSION = YES;
				GCC_WARN_ABOUT_RETURN_TYPE = YES_ERROR;
				GCC_WARN_UNDECLARED_SELECTOR = YES;
				GCC_WARN_UNINITIALIZED_AUTOS = YES_AGGRESSIVE;
				GCC_WARN_UNUSED_FUNCTION = YES;
				GCC_WARN_UNUSED_VARIABLE = YES;
				IPHONEOS_DEPLOYMENT_TARGET = 13.0;
				MTL_ENABLE_DEBUG_INFO = NO;
				MTL_FAST_MATH = YES;
				SDKROOT = iphoneos;
				SWIFT_COMPILATION_MODE = wholemodule;
				SWIFT_OPTIMIZATION_LEVEL = "-O";
				VALIDATE_PRODUCT = YES;
			};
			name = Release;
		};
		86D8874A2A977E650010E2F3 /* Debug */ = {
			isa = XCBuildConfiguration;
			buildSettings = {
				ASSETCATALOG_COMPILER_APPICON_NAME = AppIcon;
				ASSETCATALOG_COMPILER_GLOBAL_ACCENT_COLOR_NAME = AccentColor;
				CODE_SIGN_STYLE = Automatic;
				CURRENT_PROJECT_VERSION = 1;
				GENERATE_INFOPLIST_FILE = YES;
				INFOPLIST_FILE = NASA/Info.plist;
				INFOPLIST_KEY_UIApplicationSupportsIndirectInputEvents = YES;
				INFOPLIST_KEY_UILaunchStoryboardName = LaunchScreen;
				INFOPLIST_KEY_UISupportedInterfaceOrientations = UIInterfaceOrientationPortrait;
				INFOPLIST_KEY_UISupportedInterfaceOrientations_iPad = UIInterfaceOrientationPortraitUpsideDown;
				IPHONEOS_DEPLOYMENT_TARGET = 13.0;
				LD_RUNPATH_SEARCH_PATHS = (
					"$(inherited)",
					"@executable_path/Frameworks",
				);
				MARKETING_VERSION = 1.0;
				PRODUCT_BUNDLE_IDENTIFIER = com.tmchklx.NASA;
				PRODUCT_NAME = "$(TARGET_NAME)";
				SUPPORTED_PLATFORMS = "iphoneos iphonesimulator";
				SUPPORTS_MACCATALYST = NO;
				SUPPORTS_MAC_DESIGNED_FOR_IPHONE_IPAD = NO;
				SWIFT_EMIT_LOC_STRINGS = YES;
				SWIFT_VERSION = 5.0;
				TARGETED_DEVICE_FAMILY = 1;
			};
			name = Debug;
		};
		86D8874B2A977E650010E2F3 /* Release */ = {
			isa = XCBuildConfiguration;
			buildSettings = {
				ASSETCATALOG_COMPILER_APPICON_NAME = AppIcon;
				ASSETCATALOG_COMPILER_GLOBAL_ACCENT_COLOR_NAME = AccentColor;
				CODE_SIGN_STYLE = Automatic;
				CURRENT_PROJECT_VERSION = 1;
				GENERATE_INFOPLIST_FILE = YES;
				INFOPLIST_FILE = NASA/Info.plist;
				INFOPLIST_KEY_UIApplicationSupportsIndirectInputEvents = YES;
				INFOPLIST_KEY_UILaunchStoryboardName = LaunchScreen;
				INFOPLIST_KEY_UISupportedInterfaceOrientations = UIInterfaceOrientationPortrait;
				INFOPLIST_KEY_UISupportedInterfaceOrientations_iPad = UIInterfaceOrientationPortraitUpsideDown;
				IPHONEOS_DEPLOYMENT_TARGET = 13.0;
				LD_RUNPATH_SEARCH_PATHS = (
					"$(inherited)",
					"@executable_path/Frameworks",
				);
				MARKETING_VERSION = 1.0;
				PRODUCT_BUNDLE_IDENTIFIER = com.tmchklx.NASA;
				PRODUCT_NAME = "$(TARGET_NAME)";
				SUPPORTED_PLATFORMS = "iphoneos iphonesimulator";
				SUPPORTS_MACCATALYST = NO;
				SUPPORTS_MAC_DESIGNED_FOR_IPHONE_IPAD = NO;
				SWIFT_EMIT_LOC_STRINGS = YES;
				SWIFT_VERSION = 5.0;
				TARGETED_DEVICE_FAMILY = 1;
			};
			name = Release;
		};
/* End XCBuildConfiguration section */

/* Begin XCConfigurationList section */
		86D887302A977E630010E2F3 /* Build configuration list for PBXProject "NASA" */ = {
			isa = XCConfigurationList;
			buildConfigurations = (
				86D887472A977E650010E2F3 /* Debug */,
				86D887482A977E650010E2F3 /* Release */,
			);
			defaultConfigurationIsVisible = 0;
			defaultConfigurationName = Release;
		};
		86D887492A977E650010E2F3 /* Build configuration list for PBXNativeTarget "NASA" */ = {
			isa = XCConfigurationList;
			buildConfigurations = (
				86D8874A2A977E650010E2F3 /* Debug */,
				86D8874B2A977E650010E2F3 /* Release */,
			);
			defaultConfigurationIsVisible = 0;
			defaultConfigurationName = Release;
		};
/* End XCConfigurationList section */
	};
	rootObject = 86D8872D2A977E630010E2F3 /* Project object */;
}
